github.com/fsnotify/fsnotify v1.4.9 h1:hsms1Qyu0jgnwNXIxa+/V/PDsU6CfLf6CNO8H7IWoS4=
github.com/fsnotify/fsnotify v1.4.9/go.mod h1:znqG4EE+3YCdAaPaxE2ZRY/06pZUdp0tY4IgpuI1SZQ=
github.com/gowww/check v1.0.0 h1:np9Qp7xzODHGKfTSHoG8wvaqAN9uslRYoPMHzuujYeU=
github.com/gowww/check v1.0.0/go.mod h1:iZw0XjEh1gc9hITyT9YVmJlihy+rRcfSfGajXrpiWgY=
github.com/gowww/cli v1.0.0 h1:VBgw7MTta3ZEY0nd+A6BUfJYA9OvVk8t2FblFpECfVo=
github.com/gowww/cli v1.0.0/go.mod h1:De8KVWPOlcht90vQc/fgPCCmPojxq3rhUwZlXUbDFcI=
github.com/gowww/compress v1.0.0 h1:53zOOI5/DC5BMcztlRmKDuw8+wtk57vXUAKh61gQrOo=
github.com/gowww/compress v1.0.0/go.mod h1:mHiKeNlw8kFEZKzaXASVhX3GzQN5kv84txriOV4G4tY=
github.com/gowww/crypto v1.0.0 h1:OEOtSl9LxTtK+B6oDXeq//Ta06Qgaz4govN+EYqhP6k=
github.com/gowww/crypto v1.0.0/go.mod h1:qR7BIjnlrDkBvi/nzPkEs94CgEl/rmLTSHO231JvwB0=
github.com/gowww/fatal v1.0.0 h1:Iff07eSuDIjba6JCK9OdJWNOS+WcCmqBJ+OKFl3RHkE=
github.com/gowww/fatal v1.0.0/go.mod h1:BLIZ4eUeUdffghoQHgA+q9am2rznSVmC5Ik/0Rm8C9I=
github.com/gowww/i18n v1.0.0 h1:VcDOFONuEG4hdARabkr29tx2tGLb5z73o4JzPaMr4CM=
github.com/gowww/i18n v1.0.0/go.mod h1:Yb4yaJxtImJ26ZA3NAeOOlBPp5EmCgBobOLwzD+J0hE=
github.com/gowww/log v1.0.0 h1:lLjZlCS76PHslrV8bZ8gk/pOr2iFhUdB9G0cnrf1CQw=
github.com/gowww/log v1.0.0/go.mod h1:FPV24Fr/lltYNxY9656q8JdL340/7aKZEt/7U8wx0VU=
github.com/gowww/router v1.0.0 h1:UGxwPMbCo6n8Qzr/3C+zHW9oKoo4iNXTdn3qcEPbLIg=
github.com/gowww/router v1.0.0/go.mod h1:7eIR50rN5p0haIGEqmlRmBnHsYmECLLwxXW3tliO5ac=
github.com/gowww/secure v1.0.0 h1:4NDF4MbX2Uu78Jmks8NqYk62tBbsWdXADaGgMbXK/2o=
github.com/gowww/secure v1.0.0/go.mod h1:6Vap1FOizXuLwbKDvHFMg4LGHjaWGtEsR3OvIL2L5rI=
github.com/gowww/static v1.0.0 h1:J4YV9a3CNgTttr7aAjBtOiJXrTn59iYiowrOwKvDuIY=
github.com/gowww/static v1.0.0/go.mod h1:5WzMNiahMfJ+of0Fwp2XnMFggGVtID4BErH5ZWWHVuU=
github.com/gowww/view v1.0.0 h1:3lgkwSgvWj/reQIYZhmz/gzsHx+p7PsAitvUn4c3XaI=
github.com/gowww/view v1.0.0/go.mod h1:3pc+G93LG7lxEtYdAGzsdMlleiEWr74N1LL96y/3Yrw=
golang.org/x/sys v0.0.0-20191005200804-aed5e4c7ecf9 h1:L2auWcuQIvxz9xSEqzESnV/QN/gNRXNApHi3fYwl2w0=
golang.org/x/sys v0.0.0-20191005200804-aed5e4c7ecf9/go.mod h1:h1NjWce9XRLGQEsW7wpKNCjG9DtNlClVuFLEZdDNbEs=
golang.org/x/text v0.3.3 h1:cokOdA+Jmi5PJGXLlLllQSgYigAEfHXJAERHVMaCc2k=
golang.org/x/text v0.3.3/go.mod h1:5Zoc/QRtKVWzQhOtBMvqHzDpF6irO9z98xDceosuGiQ=
golang.org/x/tools v0.0.0-20180917221912-90fa682c2a6e/go.mod h1:n7NCudcB/nEzxVGmLbDWY5pfWTLqBcC2KZ6jyYvM4mQ=
