github.com/fsnotify/fsnotify v1.4.9 h1:hsms1Qyu0jgnwNXIxa+/V/PDsU6CfLf6CNO8H7IWoS4=
github.com/fsnotify/fsnotify v1.4.9/go.mod h1:znqG4EE+3YCdAaPaxE2ZRY/06pZUdp0tY4IgpuI1SZQ=
github.com/gowww/check v0.0.0-20190514181528-c501b3cf59f2 h1:y6iREtP6CgXwFEzGA2BFUh5B8sndnD4qO+ZsEIpCS+g=
github.com/gowww/check v0.0.0-20190514181528-c501b3cf59f2/go.mod h1:iZw0XjEh1gc9hITyT9YVmJlihy+rRcfSfGajXrpiWgY=
github.com/gowww/cli v0.0.0-20180829221027-9476d3541093 h1:ojLGIhJ6dyH8bDaf1/SpUuceOACgF7b1Xt8zCDn8PYU=
github.com/gowww/cli v0.0.0-20180829221027-9476d3541093/go.mod h1:De8KVWPOlcht90vQc/fgPCCmPojxq3rhUwZlXUbDFcI=
github.com/gowww/compress v0.0.0-20190523125717-ba83b843f36e h1:ldOi7tZwTGdPwyfl7NXLZYY1Unhp3PPLfwy84qvTpe8=
github.com/gowww/compress v0.0.0-20190523125717-ba83b843f36e/go.mod h1:mHiKeNlw8kFEZKzaXASVhX3GzQN5kv84txriOV4G4tY=
github.com/gowww/crypto v0.0.0-20170801093636-cb356efb17f1 h1:Sp7mUNeGJAEs1offgaj1PXaoVCRtdYsMxWl+Nucn5vI=
github.com/gowww/crypto v0.0.0-20170801093636-cb356efb17f1/go.mod h1:qR7BIjnlrDkBvi/nzPkEs94CgEl/rmLTSHO231JvwB0=
github.com/gowww/fatal v0.0.0-20180326205530-ccab7647babb h1:X/rGrjSTpaNBCGo8pwnELex8BUE1BLnwLRlFYYXQjaQ=
github.com/gowww/fatal v0.0.0-20180326205530-ccab7647babb/go.mod h1:BLIZ4eUeUdffghoQHgA+q9am2rznSVmC5Ik/0Rm8C9I=
github.com/gowww/i18n v0.0.0-20170731103109-083654bcb39f h1:cnR4DuT0BEvu4bMCSMV5ongz97+9xA5vrelZVwDivKs=
github.com/gowww/i18n v0.0.0-20170731103109-083654bcb39f/go.mod h1:Yb4yaJxtImJ26ZA3NAeOOlBPp5EmCgBobOLwzD+J0hE=
github.com/gowww/log v0.0.0-20200911151507-3db1040cb00d h1:GvrcE/HW9DrTfQo52597XAnnY+i3dbPlQF5yLUFykO4=
github.com/gowww/log v0.0.0-20200911151507-3db1040cb00d/go.mod h1:FPV24Fr/lltYNxY9656q8JdL340/7aKZEt/7U8wx0VU=
github.com/gowww/router v1.0.0 h1:UGxwPMbCo6n8Qzr/3C+zHW9oKoo4iNXTdn3qcEPbLIg=
github.com/gowww/router v1.0.0/go.mod h1:7eIR50rN5p0haIGEqmlRmBnHsYmECLLwxXW3tliO5ac=
github.com/gowww/secure v0.0.0-20180219090953-5c66e90727d8 h1:uPeaaSsu+VXT2faumwnuTfoBiIGRhSQHCAoHpD68MDk=
github.com/gowww/secure v0.0.0-20180219090953-5c66e90727d8/go.mod h1:6Vap1FOizXuLwbKDvHFMg4LGHjaWGtEsR3OvIL2L5rI=
github.com/gowww/static v0.0.0-20180501155535-31e9e32433a6 h1:DZO9uJVCt49Ww2/eSTDZXems64wPJHFXK6ruecAdc78=
github.com/gowww/static v0.0.0-20180501155535-31e9e32433a6/go.mod h1:X5Xq/lGJr3VuobiS3xuDZFn+VXqHdtEzs+OT9Pc9GnI=
github.com/gowww/view v0.0.0-20180601223044-1bfa902fb993 h1:NtfU1O5pay/L423mL97EJ8cUB/arWFAMNTp0g+AegB0=
github.com/gowww/view v0.0.0-20180601223044-1bfa902fb993/go.mod h1:3pc+G93LG7lxEtYdAGzsdMlleiEWr74N1LL96y/3Yrw=
golang.org/x/sys v0.0.0-20191005200804-aed5e4c7ecf9 h1:L2auWcuQIvxz9xSEqzESnV/QN/gNRXNApHi3fYwl2w0=
golang.org/x/sys v0.0.0-20191005200804-aed5e4c7ecf9/go.mod h1:h1NjWce9XRLGQEsW7wpKNCjG9DtNlClVuFLEZdDNbEs=
golang.org/x/text v0.3.3 h1:cokOdA+Jmi5PJGXLlLllQSgYigAEfHXJAERHVMaCc2k=
golang.org/x/text v0.3.3/go.mod h1:5Zoc/QRtKVWzQhOtBMvqHzDpF6irO9z98xDceosuGiQ=
golang.org/x/tools v0.0.0-20180917221912-90fa682c2a6e/go.mod h1:n7NCudcB/nEzxVGmLbDWY5pfWTLqBcC2KZ6jyYvM4mQ=
